
Microsoft Visual Studio Solution File, Format Version 12.00
# Visual Studio Version 16
VisualStudioVersion = 16.0.29123.88
MinimumVisualStudioVersion = 10.0.40219.1
Project("{FAE04EC0-301F-11D3-BF4B-00C04F79EFBC}") = "Images_Demo.UWP", "Images_Demo\Images_Demo.UWP\Images_Demo.UWP.csproj", "{4BCAD2EF-7480-403A-B1C1-342BC4FD5587}"
EndProject
Project("{FAE04EC0-301F-11D3-BF4B-00C04F79EFBC}") = "Images_Demo.Android", "Images_Demo\Images_Demo.Android\Images_Demo.Android.csproj", "{0F6A56FF-7CC9-47C5-9934-CCCD09ADFF27}"
EndProject
Project("{FAE04EC0-301F-11D3-BF4B-00C04F79EFBC}") = "Images_Demo", "Images_Demo\Images_Demo\Images_Demo.csproj", "{C3410147-638B-48FE-B33E-5D0CD54DFC21}"
EndProject
Global
	GlobalSection(SolutionConfigurationPlatforms) = preSolution
		Debug|Any CPU = Debug|Any CPU
		Debug|ARM = Debug|ARM
		Debug|x64 = Debug|x64
		Debug|x86 = Debug|x86
		Release|Any CPU = Release|Any CPU
		Release|ARM = Release|ARM
		Release|x64 = Release|x64
		Release|x86 = Release|x86
	EndGlobalSection
	GlobalSection(ProjectConfigurationPlatforms) = postSolution
		{4BCAD2EF-7480-403A-B1C1-342BC4FD5587}.Debug|Any CPU.ActiveCfg = Debug|x86
		{4BCAD2EF-7480-403A-B1C1-342BC4FD5587}.Debug|Any CPU.Build.0 = Debug|x86
		{4BCAD2EF-7480-403A-B1C1-342BC4FD5587}.Debug|Any CPU.Deploy.0 = Debug|x86
		{4BCAD2EF-7480-403A-B1C1-342BC4FD5587}.Debug|ARM.ActiveCfg = Debug|ARM
		{4BCAD2EF-7480-403A-B1C1-342BC4FD5587}.Debug|ARM.Build.0 = Debug|ARM
		{4BCAD2EF-7480-403A-B1C1-342BC4FD5587}.Debug|ARM.Deploy.0 = Debug|ARM
		{4BCAD2EF-7480-403A-B1C1-342BC4FD5587}.Debug|x64.ActiveCfg = Debug|x64
		{4BCAD2EF-7480-403A-B1C1-342BC4FD5587}.Debug|x64.Build.0 = Debug|x64
		{4BCAD2EF-7480-403A-B1C1-342BC4FD5587}.Debug|x64.Deploy.0 = Debug|x64
		{4BCAD2EF-7480-403A-B1C1-342BC4FD5587}.Debug|x86.ActiveCfg = Debug|x86
		{4BCAD2EF-7480-403A-B1C1-342BC4FD5587}.Debug|x86.Build.0 = Debug|x86
		{4BCAD2EF-7480-403A-B1C1-342BC4FD5587}.Debug|x86.Deploy.0 = Debug|x86
		{4BCAD2EF-7480-403A-B1C1-342BC4FD5587}.Release|Any CPU.ActiveCfg = Release|x86
		{4BCAD2EF-7480-403A-B1C1-342BC4FD5587}.Release|Any CPU.Build.0 = Release|x86
		{4BCAD2EF-7480-403A-B1C1-342BC4FD5587}.Release|Any CPU.Deploy.0 = Release|x86
		{4BCAD2EF-7480-403A-B1C1-342BC4FD5587}.Release|ARM.ActiveCfg = Release|ARM
		{4BCAD2EF-7480-403A-B1C1-342BC4FD5587}.Release|ARM.Build.0 = Release|ARM
		{4BCAD2EF-7480-403A-B1C1-342BC4FD5587}.Release|ARM.Deploy.0 = Release|ARM
		{4BCAD2EF-7480-403A-B1C1-342BC4FD5587}.Release|x64.ActiveCfg = Release|x64
		{4BCAD2EF-7480-403A-B1C1-342BC4FD5587}.Release|x64.Build.0 = Release|x64
		{4BCAD2EF-7480-403A-B1C1-342BC4FD5587}.Release|x64.Deploy.0 = Release|x64
		{4BCAD2EF-7480-403A-B1C1-342BC4FD5587}.Release|x86.ActiveCfg = Release|x86
		{4BCAD2EF-7480-403A-B1C1-342BC4FD5587}.Release|x86.Build.0 = Release|x86
		{4BCAD2EF-7480-403A-B1C1-342BC4FD5587}.Release|x86.Deploy.0 = Release|x86
		{0F6A56FF-7CC9-47C5-9934-CCCD09ADFF27}.Debug|Any CPU.ActiveCfg = Debug|Any CPU
		{0F6A56FF-7CC9-47C5-9934-CCCD09ADFF27}.Debug|Any CPU.Build.0 = Debug|Any CPU
		{0F6A56FF-7CC9-47C5-9934-CCCD09ADFF27}.Debug|Any CPU.Deploy.0 = Debug|Any CPU
		{0F6A56FF-7CC9-47C5-9934-CCCD09ADFF27}.Debug|ARM.ActiveCfg = Debug|Any CPU
		{0F6A56FF-7CC9-47C5-9934-CCCD09ADFF27}.Debug|ARM.Build.0 = Debug|Any CPU
		{0F6A56FF-7CC9-47C5-9934-CCCD09ADFF27}.Debug|ARM.Deploy.0 = Debug|Any CPU
		{0F6A56FF-7CC9-47C5-9934-CCCD09ADFF27}.Debug|x64.ActiveCfg = Debug|Any CPU
		{0F6A56FF-7CC9-47C5-9934-CCCD09ADFF27}.Debug|x64.Build.0 = Debug|Any CPU
		{0F6A56FF-7CC9-47C5-9934-CCCD09ADFF27}.Debug|x64.Deploy.0 = Debug|Any CPU
		{0F6A56FF-7CC9-47C5-9934-CCCD09ADFF27}.Debug|x86.ActiveCfg = Debug|Any CPU
		{0F6A56FF-7CC9-47C5-9934-CCCD09ADFF27}.Debug|x86.Build.0 = Debug|Any CPU
		{0F6A56FF-7CC9-47C5-9934-CCCD09ADFF27}.Debug|x86.Deploy.0 = Debug|Any CPU
		{0F6A56FF-7CC9-47C5-9934-CCCD09ADFF27}.Release|Any CPU.ActiveCfg = Release|Any CPU
		{0F6A56FF-7CC9-47C5-9934-CCCD09ADFF27}.Release|Any CPU.Build.0 = Release|Any CPU
		{0F6A56FF-7CC9-47C5-9934-CCCD09ADFF27}.Release|Any CPU.Deploy.0 = Release|Any CPU
		{0F6A56FF-7CC9-47C5-9934-CCCD09ADFF27}.Release|ARM.ActiveCfg = Release|Any CPU
		{0F6A56FF-7CC9-47C5-9934-CCCD09ADFF27}.Release|ARM.Build.0 = Release|Any CPU
		{0F6A56FF-7CC9-47C5-9934-CCCD09ADFF27}.Release|ARM.Deploy.0 = Release|Any CPU
		{0F6A56FF-7CC9-47C5-9934-CCCD09ADFF27}.Release|x64.ActiveCfg = Release|Any CPU
		{0F6A56FF-7CC9-47C5-9934-CCCD09ADFF27}.Release|x64.Build.0 = Release|Any CPU
		{0F6A56FF-7CC9-47C5-9934-CCCD09ADFF27}.Release|x64.Deploy.0 = Release|Any CPU
		{0F6A56FF-7CC9-47C5-9934-CCCD09ADFF27}.Release|x86.ActiveCfg = Release|Any CPU
		{0F6A56FF-7CC9-47C5-9934-CCCD09ADFF27}.Release|x86.Build.0 = Release|Any CPU
		{0F6A56FF-7CC9-47C5-9934-CCCD09ADFF27}.Release|x86.Deploy.0 = Release|Any CPU
		{C3410147-638B-48FE-B33E-5D0CD54DFC21}.Debug|Any CPU.ActiveCfg = Debug|Any CPU
		{C3410147-638B-48FE-B33E-5D0CD54DFC21}.Debug|Any CPU.Build.0 = Debug|Any CPU
		{C3410147-638B-48FE-B33E-5D0CD54DFC21}.Debug|Any CPU.Deploy.0 = Debug|Any CPU
		{C3410147-638B-48FE-B33E-5D0CD54DFC21}.Debug|ARM.ActiveCfg = Debug|Any CPU
		{C3410147-638B-48FE-B33E-5D0CD54DFC21}.Debug|ARM.Build.0 = Debug|Any CPU
		{C3410147-638B-48FE-B33E-5D0CD54DFC21}.Debug|ARM.Deploy.0 = Debug|Any CPU
		{C3410147-638B-48FE-B33E-5D0CD54DFC21}.Debug|x64.ActiveCfg = Debug|Any CPU
		{C3410147-638B-48FE-B33E-5D0CD54DFC21}.Debug|x64.Build.0 = Debug|Any CPU
		{C3410147-638B-48FE-B33E-5D0CD54DFC21}.Debug|x64.Deploy.0 = Debug|Any CPU
		{C3410147-638B-48FE-B33E-5D0CD54DFC21}.Debug|x86.ActiveCfg = Debug|Any CPU
		{C3410147-638B-48FE-B33E-5D0CD54DFC21}.Debug|x86.Build.0 = Debug|Any CPU
		{C3410147-638B-48FE-B33E-5D0CD54DFC21}.Debug|x86.Deploy.0 = Debug|Any CPU
		{C3410147-638B-48FE-B33E-5D0CD54DFC21}.Release|Any CPU.ActiveCfg = Release|Any CPU
		{C3410147-638B-48FE-B33E-5D0CD54DFC21}.Release|Any CPU.Build.0 = Release|Any CPU
		{C3410147-638B-48FE-B33E-5D0CD54DFC21}.Release|Any CPU.Deploy.0 = Release|Any CPU
		{C3410147-638B-48FE-B33E-5D0CD54DFC21}.Release|ARM.ActiveCfg = Release|Any CPU
		{C3410147-638B-48FE-B33E-5D0CD54DFC21}.Release|ARM.Build.0 = Release|Any CPU
		{C3410147-638B-48FE-B33E-5D0CD54DFC21}.Release|ARM.Deploy.0 = Release|Any CPU
		{C3410147-638B-48FE-B33E-5D0CD54DFC21}.Release|x64.ActiveCfg = Release|Any CPU
		{C3410147-638B-48FE-B33E-5D0CD54DFC21}.Release|x64.Build.0 = Release|Any CPU
		{C3410147-638B-48FE-B33E-5D0CD54DFC21}.Release|x64.Deploy.0 = Release|Any CPU
		{C3410147-638B-48FE-B33E-5D0CD54DFC21}.Release|x86.ActiveCfg = Release|Any CPU
		{C3410147-638B-48FE-B33E-5D0CD54DFC21}.Release|x86.Build.0 = Release|Any CPU
		{C3410147-638B-48FE-B33E-5D0CD54DFC21}.Release|x86.Deploy.0 = Release|Any CPU
	EndGlobalSection
	GlobalSection(SolutionProperties) = preSolution
		HideSolutionNode = FALSE
	EndGlobalSection
	GlobalSection(ExtensibilityGlobals) = postSolution
		SolutionGuid = {9614D379-3BFB-474D-9113-CFFB6DB71CEC}
	EndGlobalSection
EndGlobal
