
Microsoft Visual Studio Solution File, Format Version 12.00
# Visual Studio Version 16
VisualStudioVersion = 16.0.29123.88
MinimumVisualStudioVersion = 10.0.40219.1
Project("{FAE04EC0-301F-11D3-BF4B-00C04F79EFBC}") = "CustomRenderer_Demo.UWP", "CustomRenderer_Demo\CustomRenderer_Demo.UWP\CustomRenderer_Demo.UWP.csproj", "{019060EF-D4F4-41BD-8FEC-36578436E055}"
EndProject
Project("{FAE04EC0-301F-11D3-BF4B-00C04F79EFBC}") = "CustomRenderer_Demo.Android", "CustomRenderer_Demo\CustomRenderer_Demo.Android\CustomRenderer_Demo.Android.csproj", "{5F4BEEC8-CA25-455C-A9BC-2875B48EEB04}"
EndProject
Project("{FAE04EC0-301F-11D3-BF4B-00C04F79EFBC}") = "CustomRenderer_Demo", "CustomRenderer_Demo\CustomRenderer_Demo\CustomRenderer_Demo.csproj", "{EA82E930-2AD5-48A8-A253-DF2B740AE236}"
EndProject
Global
	GlobalSection(SolutionConfigurationPlatforms) = preSolution
		Debug|Any CPU = Debug|Any CPU
		Debug|ARM = Debug|ARM
		Debug|x64 = Debug|x64
		Debug|x86 = Debug|x86
		Release|Any CPU = Release|Any CPU
		Release|ARM = Release|ARM
		Release|x64 = Release|x64
		Release|x86 = Release|x86
	EndGlobalSection
	GlobalSection(ProjectConfigurationPlatforms) = postSolution
		{019060EF-D4F4-41BD-8FEC-36578436E055}.Debug|Any CPU.ActiveCfg = Debug|x86
		{019060EF-D4F4-41BD-8FEC-36578436E055}.Debug|Any CPU.Build.0 = Debug|x86
		{019060EF-D4F4-41BD-8FEC-36578436E055}.Debug|Any CPU.Deploy.0 = Debug|x86
		{019060EF-D4F4-41BD-8FEC-36578436E055}.Debug|ARM.ActiveCfg = Debug|ARM
		{019060EF-D4F4-41BD-8FEC-36578436E055}.Debug|ARM.Build.0 = Debug|ARM
		{019060EF-D4F4-41BD-8FEC-36578436E055}.Debug|ARM.Deploy.0 = Debug|ARM
		{019060EF-D4F4-41BD-8FEC-36578436E055}.Debug|x64.ActiveCfg = Debug|x64
		{019060EF-D4F4-41BD-8FEC-36578436E055}.Debug|x64.Build.0 = Debug|x64
		{019060EF-D4F4-41BD-8FEC-36578436E055}.Debug|x64.Deploy.0 = Debug|x64
		{019060EF-D4F4-41BD-8FEC-36578436E055}.Debug|x86.ActiveCfg = Debug|x86
		{019060EF-D4F4-41BD-8FEC-36578436E055}.Debug|x86.Build.0 = Debug|x86
		{019060EF-D4F4-41BD-8FEC-36578436E055}.Debug|x86.Deploy.0 = Debug|x86
		{019060EF-D4F4-41BD-8FEC-36578436E055}.Release|Any CPU.ActiveCfg = Release|x86
		{019060EF-D4F4-41BD-8FEC-36578436E055}.Release|Any CPU.Build.0 = Release|x86
		{019060EF-D4F4-41BD-8FEC-36578436E055}.Release|Any CPU.Deploy.0 = Release|x86
		{019060EF-D4F4-41BD-8FEC-36578436E055}.Release|ARM.ActiveCfg = Release|ARM
		{019060EF-D4F4-41BD-8FEC-36578436E055}.Release|ARM.Build.0 = Release|ARM
		{019060EF-D4F4-41BD-8FEC-36578436E055}.Release|ARM.Deploy.0 = Release|ARM
		{019060EF-D4F4-41BD-8FEC-36578436E055}.Release|x64.ActiveCfg = Release|x64
		{019060EF-D4F4-41BD-8FEC-36578436E055}.Release|x64.Build.0 = Release|x64
		{019060EF-D4F4-41BD-8FEC-36578436E055}.Release|x64.Deploy.0 = Release|x64
		{019060EF-D4F4-41BD-8FEC-36578436E055}.Release|x86.ActiveCfg = Release|x86
		{019060EF-D4F4-41BD-8FEC-36578436E055}.Release|x86.Build.0 = Release|x86
		{019060EF-D4F4-41BD-8FEC-36578436E055}.Release|x86.Deploy.0 = Release|x86
		{5F4BEEC8-CA25-455C-A9BC-2875B48EEB04}.Debug|Any CPU.ActiveCfg = Debug|Any CPU
		{5F4BEEC8-CA25-455C-A9BC-2875B48EEB04}.Debug|Any CPU.Build.0 = Debug|Any CPU
		{5F4BEEC8-CA25-455C-A9BC-2875B48EEB04}.Debug|Any CPU.Deploy.0 = Debug|Any CPU
		{5F4BEEC8-CA25-455C-A9BC-2875B48EEB04}.Debug|ARM.ActiveCfg = Debug|Any CPU
		{5F4BEEC8-CA25-455C-A9BC-2875B48EEB04}.Debug|ARM.Build.0 = Debug|Any CPU
		{5F4BEEC8-CA25-455C-A9BC-2875B48EEB04}.Debug|ARM.Deploy.0 = Debug|Any CPU
		{5F4BEEC8-CA25-455C-A9BC-2875B48EEB04}.Debug|x64.ActiveCfg = Debug|Any CPU
		{5F4BEEC8-CA25-455C-A9BC-2875B48EEB04}.Debug|x64.Build.0 = Debug|Any CPU
		{5F4BEEC8-CA25-455C-A9BC-2875B48EEB04}.Debug|x64.Deploy.0 = Debug|Any CPU
		{5F4BEEC8-CA25-455C-A9BC-2875B48EEB04}.Debug|x86.ActiveCfg = Debug|Any CPU
		{5F4BEEC8-CA25-455C-A9BC-2875B48EEB04}.Debug|x86.Build.0 = Debug|Any CPU
		{5F4BEEC8-CA25-455C-A9BC-2875B48EEB04}.Debug|x86.Deploy.0 = Debug|Any CPU
		{5F4BEEC8-CA25-455C-A9BC-2875B48EEB04}.Release|Any CPU.ActiveCfg = Release|Any CPU
		{5F4BEEC8-CA25-455C-A9BC-2875B48EEB04}.Release|Any CPU.Build.0 = Release|Any CPU
		{5F4BEEC8-CA25-455C-A9BC-2875B48EEB04}.Release|Any CPU.Deploy.0 = Release|Any CPU
		{5F4BEEC8-CA25-455C-A9BC-2875B48EEB04}.Release|ARM.ActiveCfg = Release|Any CPU
		{5F4BEEC8-CA25-455C-A9BC-2875B48EEB04}.Release|ARM.Build.0 = Release|Any CPU
		{5F4BEEC8-CA25-455C-A9BC-2875B48EEB04}.Release|ARM.Deploy.0 = Release|Any CPU
		{5F4BEEC8-CA25-455C-A9BC-2875B48EEB04}.Release|x64.ActiveCfg = Release|Any CPU
		{5F4BEEC8-CA25-455C-A9BC-2875B48EEB04}.Release|x64.Build.0 = Release|Any CPU
		{5F4BEEC8-CA25-455C-A9BC-2875B48EEB04}.Release|x64.Deploy.0 = Release|Any CPU
		{5F4BEEC8-CA25-455C-A9BC-2875B48EEB04}.Release|x86.ActiveCfg = Release|Any CPU
		{5F4BEEC8-CA25-455C-A9BC-2875B48EEB04}.Release|x86.Build.0 = Release|Any CPU
		{5F4BEEC8-CA25-455C-A9BC-2875B48EEB04}.Release|x86.Deploy.0 = Release|Any CPU
		{EA82E930-2AD5-48A8-A253-DF2B740AE236}.Debug|Any CPU.ActiveCfg = Debug|Any CPU
		{EA82E930-2AD5-48A8-A253-DF2B740AE236}.Debug|Any CPU.Build.0 = Debug|Any CPU
		{EA82E930-2AD5-48A8-A253-DF2B740AE236}.Debug|Any CPU.Deploy.0 = Debug|Any CPU
		{EA82E930-2AD5-48A8-A253-DF2B740AE236}.Debug|ARM.ActiveCfg = Debug|Any CPU
		{EA82E930-2AD5-48A8-A253-DF2B740AE236}.Debug|ARM.Build.0 = Debug|Any CPU
		{EA82E930-2AD5-48A8-A253-DF2B740AE236}.Debug|ARM.Deploy.0 = Debug|Any CPU
		{EA82E930-2AD5-48A8-A253-DF2B740AE236}.Debug|x64.ActiveCfg = Debug|Any CPU
		{EA82E930-2AD5-48A8-A253-DF2B740AE236}.Debug|x64.Build.0 = Debug|Any CPU
		{EA82E930-2AD5-48A8-A253-DF2B740AE236}.Debug|x64.Deploy.0 = Debug|Any CPU
		{EA82E930-2AD5-48A8-A253-DF2B740AE236}.Debug|x86.ActiveCfg = Debug|Any CPU
		{EA82E930-2AD5-48A8-A253-DF2B740AE236}.Debug|x86.Build.0 = Debug|Any CPU
		{EA82E930-2AD5-48A8-A253-DF2B740AE236}.Debug|x86.Deploy.0 = Debug|Any CPU
		{EA82E930-2AD5-48A8-A253-DF2B740AE236}.Release|Any CPU.ActiveCfg = Release|Any CPU
		{EA82E930-2AD5-48A8-A253-DF2B740AE236}.Release|Any CPU.Build.0 = Release|Any CPU
		{EA82E930-2AD5-48A8-A253-DF2B740AE236}.Release|Any CPU.Deploy.0 = Release|Any CPU
		{EA82E930-2AD5-48A8-A253-DF2B740AE236}.Release|ARM.ActiveCfg = Release|Any CPU
		{EA82E930-2AD5-48A8-A253-DF2B740AE236}.Release|ARM.Build.0 = Release|Any CPU
		{EA82E930-2AD5-48A8-A253-DF2B740AE236}.Release|ARM.Deploy.0 = Release|Any CPU
		{EA82E930-2AD5-48A8-A253-DF2B740AE236}.Release|x64.ActiveCfg = Release|Any CPU
		{EA82E930-2AD5-48A8-A253-DF2B740AE236}.Release|x64.Build.0 = Release|Any CPU
		{EA82E930-2AD5-48A8-A253-DF2B740AE236}.Release|x64.Deploy.0 = Release|Any CPU
		{EA82E930-2AD5-48A8-A253-DF2B740AE236}.Release|x86.ActiveCfg = Release|Any CPU
		{EA82E930-2AD5-48A8-A253-DF2B740AE236}.Release|x86.Build.0 = Release|Any CPU
		{EA82E930-2AD5-48A8-A253-DF2B740AE236}.Release|x86.Deploy.0 = Release|Any CPU
	EndGlobalSection
	GlobalSection(SolutionProperties) = preSolution
		HideSolutionNode = FALSE
	EndGlobalSection
	GlobalSection(ExtensibilityGlobals) = postSolution
		SolutionGuid = {AFCBEA8F-B7F8-40DB-A6D8-D6185857AF38}
	EndGlobalSection
EndGlobal
