
Microsoft Visual Studio Solution File, Format Version 12.00
# Visual Studio Version 16
VisualStudioVersion = 16.0.29123.88
MinimumVisualStudioVersion = 10.0.40219.1
Project("{FAE04EC0-301F-11D3-BF4B-00C04F79EFBC}") = "DatenSpeichernUndLaden.Android", "DatenSpeichernUndLaden\DatenSpeichernUndLaden.Android\DatenSpeichernUndLaden.Android.csproj", "{16091831-5EE1-4AAE-A530-599F8AFBC3E7}"
EndProject
Project("{FAE04EC0-301F-11D3-BF4B-00C04F79EFBC}") = "DatenSpeichernUndLaden", "DatenSpeichernUndLaden\DatenSpeichernUndLaden\DatenSpeichernUndLaden.csproj", "{3B2CA447-CE79-4F5F-8682-A7E7017A1591}"
EndProject
Global
	GlobalSection(SolutionConfigurationPlatforms) = preSolution
		Debug|Any CPU = Debug|Any CPU
		Release|Any CPU = Release|Any CPU
	EndGlobalSection
	GlobalSection(ProjectConfigurationPlatforms) = postSolution
		{16091831-5EE1-4AAE-A530-599F8AFBC3E7}.Debug|Any CPU.ActiveCfg = Debug|Any CPU
		{16091831-5EE1-4AAE-A530-599F8AFBC3E7}.Debug|Any CPU.Build.0 = Debug|Any CPU
		{16091831-5EE1-4AAE-A530-599F8AFBC3E7}.Debug|Any CPU.Deploy.0 = Debug|Any CPU
		{16091831-5EE1-4AAE-A530-599F8AFBC3E7}.Release|Any CPU.ActiveCfg = Release|Any CPU
		{16091831-5EE1-4AAE-A530-599F8AFBC3E7}.Release|Any CPU.Build.0 = Release|Any CPU
		{16091831-5EE1-4AAE-A530-599F8AFBC3E7}.Release|Any CPU.Deploy.0 = Release|Any CPU
		{3B2CA447-CE79-4F5F-8682-A7E7017A1591}.Debug|Any CPU.ActiveCfg = Debug|Any CPU
		{3B2CA447-CE79-4F5F-8682-A7E7017A1591}.Debug|Any CPU.Build.0 = Debug|Any CPU
		{3B2CA447-CE79-4F5F-8682-A7E7017A1591}.Debug|Any CPU.Deploy.0 = Debug|Any CPU
		{3B2CA447-CE79-4F5F-8682-A7E7017A1591}.Release|Any CPU.ActiveCfg = Release|Any CPU
		{3B2CA447-CE79-4F5F-8682-A7E7017A1591}.Release|Any CPU.Build.0 = Release|Any CPU
		{3B2CA447-CE79-4F5F-8682-A7E7017A1591}.Release|Any CPU.Deploy.0 = Release|Any CPU
	EndGlobalSection
	GlobalSection(SolutionProperties) = preSolution
		HideSolutionNode = FALSE
	EndGlobalSection
	GlobalSection(ExtensibilityGlobals) = postSolution
		SolutionGuid = {4E642BE2-FEC6-4A56-AF3D-A92E0E19C75A}
	EndGlobalSection
EndGlobal
